// !$*UTF8*$!
{
	archiveVersion = 1;
	classes = {
	};
	objectVersion = 46;
	objects = {

/* Begin PBXBuildFile section */
		E1EDB43A1B3056F500F37ADE /* main.m in Sources */ = {isa = PBXBuildFile; fileRef = E1EDB4391B3056F500F37ADE /* main.m */; };
		E1EDB43D1B3056F500F37ADE /* AppDelegate.m in Sources */ = {isa = PBXBuildFile; fileRef = E1EDB43C1B3056F500F37ADE /* AppDelegate.m */; };
		E1EDB4401B3056F500F37ADE /* ViewController.m in Sources */ = {isa = PBXBuildFile; fileRef = E1EDB43F1B3056F500F37ADE /* ViewController.m */; };
		E1EDB4431B3056F500F37ADE /* Main.storyboard in Resources */ = {isa = PBXBuildFile; fileRef = E1EDB4411B3056F500F37ADE /* Main.storyboard */; };
		E1EDB4451B3056F500F37ADE /* Images.xcassets in Resources */ = {isa = PBXBuildFile; fileRef = E1EDB4441B3056F500F37ADE /* Images.xcassets */; };
		E1EDB4481B3056F500F37ADE /* LaunchScreen.xib in Resources */ = {isa = PBXBuildFile; fileRef = E1EDB4461B3056F500F37ADE /* LaunchScreen.xib */; };
		E1EDB4541B3056F500F37ADE /* FlipperTests.m in Sources */ = {isa = PBXBuildFile; fileRef = E1EDB4531B3056F500F37ADE /* FlipperTests.m */; };
		E1EDB47F1B307C8A00F37ADE /* ViewControllerTest.m in Sources */ = {isa = PBXBuildFile; fileRef = E1EDB47E1B307C8A00F37ADE /* ViewControllerTest.m */; };
		E1EDB4851B30948100F37ADE /* FlippingLabel.m in Sources */ = {isa = PBXBuildFile; fileRef = E1EDB4841B30948100F37ADE /* FlippingLabel.m */; };
		E1EDB4881B30A09200F37ADE /* NSString+Utilities.m in Sources */ = {isa = PBXBuildFile; fileRef = E1EDB4871B30A09200F37ADE /* NSString+Utilities.m */; };
		E1EDB4A61B31508900F37ADE /* libOCMock.a in Frameworks */ = {isa = PBXBuildFile; fileRef = E1EDB49A1B31503900F37ADE /* libOCMock.a */; };
		E1EDB4A91B3158A800F37ADE /* FlippingLabelTest.m in Sources */ = {isa = PBXBuildFile; fileRef = E1EDB4A81B3158A800F37ADE /* FlippingLabelTest.m */; };
		E1EDB4AC1B316E6E00F37ADE /* NSString+UtilitiesTests.m in Sources */ = {isa = PBXBuildFile; fileRef = E1EDB4AB1B316E6E00F37ADE /* NSString+UtilitiesTests.m */; };
/* End PBXBuildFile section */

/* Begin PBXContainerItemProxy section */
		E1EDB44E1B3056F500F37ADE /* PBXContainerItemProxy */ = {
			isa = PBXContainerItemProxy;
			containerPortal = E1EDB42C1B3056F500F37ADE /* Project object */;
			proxyType = 1;
			remoteGlobalIDString = E1EDB4331B3056F500F37ADE;
			remoteInfo = Flipper;
		};
/* End PBXContainerItemProxy section */

/* Begin PBXFileReference section */
		E1EDB4341B3056F500F37ADE /* Flipper.app */ = {isa = PBXFileReference; explicitFileType = wrapper.application; includeInIndex = 0; path = Flipper.app; sourceTree = BUILT_PRODUCTS_DIR; };
		E1EDB4381B3056F500F37ADE /* Info.plist */ = {isa = PBXFileReference; lastKnownFileType = text.plist.xml; path = Info.plist; sourceTree = "<group>"; };
		E1EDB4391B3056F500F37ADE /* main.m */ = {isa = PBXFileReference; lastKnownFileType = sourcecode.c.objc; path = main.m; sourceTree = "<group>"; };
		E1EDB43B1B3056F500F37ADE /* AppDelegate.h */ = {isa = PBXFileReference; lastKnownFileType = sourcecode.c.h; path = AppDelegate.h; sourceTree = "<group>"; };
		E1EDB43C1B3056F500F37ADE /* AppDelegate.m */ = {isa = PBXFileReference; lastKnownFileType = sourcecode.c.objc; path = AppDelegate.m; sourceTree = "<group>"; };
		E1EDB43E1B3056F500F37ADE /* ViewController.h */ = {isa = PBXFileReference; lastKnownFileType = sourcecode.c.h; path = ViewController.h; sourceTree = "<group>"; };
		E1EDB43F1B3056F500F37ADE /* ViewController.m */ = {isa = PBXFileReference; lastKnownFileType = sourcecode.c.objc; path = ViewController.m; sourceTree = "<group>"; };
		E1EDB4421B3056F500F37ADE /* Base */ = {isa = PBXFileReference; lastKnownFileType = file.storyboard; name = Base; path = Base.lproj/Main.storyboard; sourceTree = "<group>"; };
		E1EDB4441B3056F500F37ADE /* Images.xcassets */ = {isa = PBXFileReference; lastKnownFileType = folder.assetcatalog; path = Images.xcassets; sourceTree = "<group>"; };
		E1EDB4471B3056F500F37ADE /* Base */ = {isa = PBXFileReference; lastKnownFileType = file.xib; name = Base; path = Base.lproj/LaunchScreen.xib; sourceTree = "<group>"; };
		E1EDB44D1B3056F500F37ADE /* FlipperTests.xctest */ = {isa = PBXFileReference; explicitFileType = wrapper.cfbundle; includeInIndex = 0; path = FlipperTests.xctest; sourceTree = BUILT_PRODUCTS_DIR; };
		E1EDB4521B3056F500F37ADE /* Info.plist */ = {isa = PBXFileReference; lastKnownFileType = text.plist.xml; path = Info.plist; sourceTree = "<group>"; };
		E1EDB4531B3056F500F37ADE /* FlipperTests.m */ = {isa = PBXFileReference; lastKnownFileType = sourcecode.c.objc; path = FlipperTests.m; sourceTree = "<group>"; };
		E1EDB47E1B307C8A00F37ADE /* ViewControllerTest.m */ = {isa = PBXFileReference; fileEncoding = 4; lastKnownFileType = sourcecode.c.objc; path = ViewControllerTest.m; sourceTree = "<group>"; };
		E1EDB4831B30948100F37ADE /* FlippingLabel.h */ = {isa = PBXFileReference; fileEncoding = 4; lastKnownFileType = sourcecode.c.h; path = FlippingLabel.h; sourceTree = "<group>"; };
		E1EDB4841B30948100F37ADE /* FlippingLabel.m */ = {isa = PBXFileReference; fileEncoding = 4; lastKnownFileType = sourcecode.c.objc; path = FlippingLabel.m; sourceTree = "<group>"; };
		E1EDB4861B30A09200F37ADE /* NSString+Utilities.h */ = {isa = PBXFileReference; fileEncoding = 4; lastKnownFileType = sourcecode.c.h; path = "NSString+Utilities.h"; sourceTree = "<group>"; };
		E1EDB4871B30A09200F37ADE /* NSString+Utilities.m */ = {isa = PBXFileReference; fileEncoding = 4; lastKnownFileType = sourcecode.c.objc; path = "NSString+Utilities.m"; sourceTree = "<group>"; };
		E1EDB49A1B31503900F37ADE /* libOCMock.a */ = {isa = PBXFileReference; lastKnownFileType = archive.ar; path = libOCMock.a; sourceTree = "<group>"; };
		E1EDB49D1B31504500F37ADE /* NSNotificationCenter+OCMAdditions.h */ = {isa = PBXFileReference; fileEncoding = 4; lastKnownFileType = sourcecode.c.h; path = "NSNotificationCenter+OCMAdditions.h"; sourceTree = "<group>"; };
		E1EDB49E1B31504500F37ADE /* OCMArg.h */ = {isa = PBXFileReference; fileEncoding = 4; lastKnownFileType = sourcecode.c.h; path = OCMArg.h; sourceTree = "<group>"; };
		E1EDB49F1B31504500F37ADE /* OCMConstraint.h */ = {isa = PBXFileReference; fileEncoding = 4; lastKnownFileType = sourcecode.c.h; path = OCMConstraint.h; sourceTree = "<group>"; };
		E1EDB4A01B31504500F37ADE /* OCMLocation.h */ = {isa = PBXFileReference; fileEncoding = 4; lastKnownFileType = sourcecode.c.h; path = OCMLocation.h; sourceTree = "<group>"; };
		E1EDB4A11B31504500F37ADE /* OCMMacroState.h */ = {isa = PBXFileReference; fileEncoding = 4; lastKnownFileType = sourcecode.c.h; path = OCMMacroState.h; sourceTree = "<group>"; };
		E1EDB4A21B31504500F37ADE /* OCMock.h */ = {isa = PBXFileReference; fileEncoding = 4; lastKnownFileType = sourcecode.c.h; path = OCMock.h; sourceTree = "<group>"; };
		E1EDB4A31B31504500F37ADE /* OCMockObject.h */ = {isa = PBXFileReference; fileEncoding = 4; lastKnownFileType = sourcecode.c.h; path = OCMockObject.h; sourceTree = "<group>"; };
		E1EDB4A41B31504500F37ADE /* OCMRecorder.h */ = {isa = PBXFileReference; fileEncoding = 4; lastKnownFileType = sourcecode.c.h; path = OCMRecorder.h; sourceTree = "<group>"; };
		E1EDB4A51B31504500F37ADE /* OCMStubRecorder.h */ = {isa = PBXFileReference; fileEncoding = 4; lastKnownFileType = sourcecode.c.h; path = OCMStubRecorder.h; sourceTree = "<group>"; };
		E1EDB4A81B3158A800F37ADE /* FlippingLabelTest.m */ = {isa = PBXFileReference; fileEncoding = 4; lastKnownFileType = sourcecode.c.objc; path = FlippingLabelTest.m; sourceTree = "<group>"; };
		E1EDB4AB1B316E6E00F37ADE /* NSString+UtilitiesTests.m */ = {isa = PBXFileReference; fileEncoding = 4; lastKnownFileType = sourcecode.c.objc; path = "NSString+UtilitiesTests.m"; sourceTree = "<group>"; };
/* End PBXFileReference section */

/* Begin PBXFrameworksBuildPhase section */
		E1EDB4311B3056F500F37ADE /* Frameworks */ = {
			isa = PBXFrameworksBuildPhase;
			buildActionMask = 2147483647;
			files = (
			);
			runOnlyForDeploymentPostprocessing = 0;
		};
		E1EDB44A1B3056F500F37ADE /* Frameworks */ = {
			isa = PBXFrameworksBuildPhase;
			buildActionMask = 2147483647;
			files = (
				E1EDB4A61B31508900F37ADE /* libOCMock.a in Frameworks */,
			);
			runOnlyForDeploymentPostprocessing = 0;
		};
/* End PBXFrameworksBuildPhase section */

/* Begin PBXGroup section */
		E1EDB42B1B3056F500F37ADE = {
			isa = PBXGroup;
			children = (
				E1EDB4991B31500F00F37ADE /* Libraries */,
				E1EDB4361B3056F500F37ADE /* Flipper */,
				E1EDB4501B3056F500F37ADE /* FlipperTests */,
				E1EDB4351B3056F500F37ADE /* Products */,
			);
			sourceTree = "<group>";
		};
		E1EDB4351B3056F500F37ADE /* Products */ = {
			isa = PBXGroup;
			children = (
				E1EDB4341B3056F500F37ADE /* Flipper.app */,
				E1EDB44D1B3056F500F37ADE /* FlipperTests.xctest */,
			);
			name = Products;
			sourceTree = "<group>";
		};
		E1EDB4361B3056F500F37ADE /* Flipper */ = {
			isa = PBXGroup;
			children = (
				E1EDB43B1B3056F500F37ADE /* AppDelegate.h */,
				E1EDB43C1B3056F500F37ADE /* AppDelegate.m */,
				E1EDB43E1B3056F500F37ADE /* ViewController.h */,
				E1EDB43F1B3056F500F37ADE /* ViewController.m */,
				E1EDB4831B30948100F37ADE /* FlippingLabel.h */,
				E1EDB4841B30948100F37ADE /* FlippingLabel.m */,
				E1EDB4861B30A09200F37ADE /* NSString+Utilities.h */,
				E1EDB4871B30A09200F37ADE /* NSString+Utilities.m */,
				E1EDB4411B3056F500F37ADE /* Main.storyboard */,
				E1EDB4441B3056F500F37ADE /* Images.xcassets */,
				E1EDB4461B3056F500F37ADE /* LaunchScreen.xib */,
				E1EDB4371B3056F500F37ADE /* Supporting Files */,
			);
			path = Flipper;
			sourceTree = "<group>";
		};
		E1EDB4371B3056F500F37ADE /* Supporting Files */ = {
			isa = PBXGroup;
			children = (
				E1EDB4381B3056F500F37ADE /* Info.plist */,
				E1EDB4391B3056F500F37ADE /* main.m */,
			);
			name = "Supporting Files";
			sourceTree = "<group>";
		};
		E1EDB4501B3056F500F37ADE /* FlipperTests */ = {
			isa = PBXGroup;
			children = (
				E1EDB4531B3056F500F37ADE /* FlipperTests.m */,
				E1EDB4511B3056F500F37ADE /* Supporting Files */,
				E1EDB47E1B307C8A00F37ADE /* ViewControllerTest.m */,
				E1EDB4A81B3158A800F37ADE /* FlippingLabelTest.m */,
				E1EDB4AB1B316E6E00F37ADE /* NSString+UtilitiesTests.m */,
			);
			path = FlipperTests;
			sourceTree = "<group>";
		};
		E1EDB4511B3056F500F37ADE /* Supporting Files */ = {
			isa = PBXGroup;
			children = (
				E1EDB4521B3056F500F37ADE /* Info.plist */,
			);
			name = "Supporting Files";
			sourceTree = "<group>";
		};
		E1EDB4991B31500F00F37ADE /* Libraries */ = {
			isa = PBXGroup;
			children = (
				E1EDB49A1B31503900F37ADE /* libOCMock.a */,
				E1EDB49C1B31504500F37ADE /* OCMock */,
			);
			path = Libraries;
			sourceTree = "<group>";
		};
		E1EDB49C1B31504500F37ADE /* OCMock */ = {
			isa = PBXGroup;
			children = (
				E1EDB49D1B31504500F37ADE /* NSNotificationCenter+OCMAdditions.h */,
				E1EDB49E1B31504500F37ADE /* OCMArg.h */,
				E1EDB49F1B31504500F37ADE /* OCMConstraint.h */,
				E1EDB4A01B31504500F37ADE /* OCMLocation.h */,
				E1EDB4A11B31504500F37ADE /* OCMMacroState.h */,
				E1EDB4A21B31504500F37ADE /* OCMock.h */,
				E1EDB4A31B31504500F37ADE /* OCMockObject.h */,
				E1EDB4A41B31504500F37ADE /* OCMRecorder.h */,
				E1EDB4A51B31504500F37ADE /* OCMStubRecorder.h */,
			);
			path = OCMock;
			sourceTree = "<group>";
		};
/* End PBXGroup section */

/* Begin PBXNativeTarget section */
		E1EDB4331B3056F500F37ADE /* Flipper */ = {
			isa = PBXNativeTarget;
			buildConfigurationList = E1EDB4571B3056F500F37ADE /* Build configuration list for PBXNativeTarget "Flipper" */;
			buildPhases = (
				E1EDB4301B3056F500F37ADE /* Sources */,
				E1EDB4311B3056F500F37ADE /* Frameworks */,
				E1EDB4321B3056F500F37ADE /* Resources */,
			);
			buildRules = (
			);
			dependencies = (
			);
			name = Flipper;
			productName = Flipper;
			productReference = E1EDB4341B3056F500F37ADE /* Flipper.app */;
			productType = "com.apple.product-type.application";
		};
		E1EDB44C1B3056F500F37ADE /* FlipperTests */ = {
			isa = PBXNativeTarget;
			buildConfigurationList = E1EDB45A1B3056F500F37ADE /* Build configuration list for PBXNativeTarget "FlipperTests" */;
			buildPhases = (
				E1EDB4491B3056F500F37ADE /* Sources */,
				E1EDB44A1B3056F500F37ADE /* Frameworks */,
				E1EDB44B1B3056F500F37ADE /* Resources */,
			);
			buildRules = (
			);
			dependencies = (
				E1EDB44F1B3056F500F37ADE /* PBXTargetDependency */,
			);
			name = FlipperTests;
			productName = FlipperTests;
			productReference = E1EDB44D1B3056F500F37ADE /* FlipperTests.xctest */;
			productType = "com.apple.product-type.bundle.unit-test";
		};
/* End PBXNativeTarget section */

/* Begin PBXProject section */
		E1EDB42C1B3056F500F37ADE /* Project object */ = {
			isa = PBXProject;
			attributes = {
				LastUpgradeCheck = 0630;
				ORGANIZATIONNAME = MehulParmar;
				TargetAttributes = {
					E1EDB4331B3056F500F37ADE = {
						CreatedOnToolsVersion = 6.3.1;
					};
					E1EDB44C1B3056F500F37ADE = {
						CreatedOnToolsVersion = 6.3.1;
						TestTargetID = E1EDB4331B3056F500F37ADE;
					};
				};
			};
			buildConfigurationList = E1EDB42F1B3056F500F37ADE /* Build configuration list for PBXProject "Flipper" */;
			compatibilityVersion = "Xcode 3.2";
			developmentRegion = English;
			hasScannedForEncodings = 0;
			knownRegions = (
				en,
				Base,
			);
			mainGroup = E1EDB42B1B3056F500F37ADE;
			productRefGroup = E1EDB4351B3056F500F37ADE /* Products */;
			projectDirPath = "";
			projectRoot = "";
			targets = (
				E1EDB4331B3056F500F37ADE /* Flipper */,
				E1EDB44C1B3056F500F37ADE /* FlipperTests */,
			);
		};
/* End PBXProject section */

/* Begin PBXResourcesBuildPhase section */
		E1EDB4321B3056F500F37ADE /* Resources */ = {
			isa = PBXResourcesBuildPhase;
			buildActionMask = 2147483647;
			files = (
				E1EDB4431B3056F500F37ADE /* Main.storyboard in Resources */,
				E1EDB4481B3056F500F37ADE /* LaunchScreen.xib in Resources */,
				E1EDB4451B3056F500F37ADE /* Images.xcassets in Resources */,
			);
			runOnlyForDeploymentPostprocessing = 0;
		};
		E1EDB44B1B3056F500F37ADE /* Resources */ = {
			isa = PBXResourcesBuildPhase;
			buildActionMask = 2147483647;
			files = (
			);
			runOnlyForDeploymentPostprocessing = 0;
		};
/* End PBXResourcesBuildPhase section */

/* Begin PBXSourcesBuildPhase section */
		E1EDB4301B3056F500F37ADE /* Sources */ = {
			isa = PBXSourcesBuildPhase;
			buildActionMask = 2147483647;
			files = (
				E1EDB4851B30948100F37ADE /* FlippingLabel.m in Sources */,
				E1EDB4881B30A09200F37ADE /* NSString+Utilities.m in Sources */,
				E1EDB4401B3056F500F37ADE /* ViewController.m in Sources */,
				E1EDB43D1B3056F500F37ADE /* AppDelegate.m in Sources */,
				E1EDB43A1B3056F500F37ADE /* main.m in Sources */,
			);
			runOnlyForDeploymentPostprocessing = 0;
		};
		E1EDB4491B3056F500F37ADE /* Sources */ = {
			isa = PBXSourcesBuildPhase;
			buildActionMask = 2147483647;
			files = (
				E1EDB47F1B307C8A00F37ADE /* ViewControllerTest.m in Sources */,
				E1EDB4A91B3158A800F37ADE /* FlippingLabelTest.m in Sources */,
				E1EDB4AC1B316E6E00F37ADE /* NSString+UtilitiesTests.m in Sources */,
				E1EDB4541B3056F500F37ADE /* FlipperTests.m in Sources */,
			);
			runOnlyForDeploymentPostprocessing = 0;
		};
/* End PBXSourcesBuildPhase section */

/* Begin PBXTargetDependency section */
		E1EDB44F1B3056F500F37ADE /* PBXTargetDependency */ = {
			isa = PBXTargetDependency;
			target = E1EDB4331B3056F500F37ADE /* Flipper */;
			targetProxy = E1EDB44E1B3056F500F37ADE /* PBXContainerItemProxy */;
		};
/* End PBXTargetDependency section */

/* Begin PBXVariantGroup section */
		E1EDB4411B3056F500F37ADE /* Main.storyboard */ = {
			isa = PBXVariantGroup;
			children = (
				E1EDB4421B3056F500F37ADE /* Base */,
			);
			name = Main.storyboard;
			sourceTree = "<group>";
		};
		E1EDB4461B3056F500F37ADE /* LaunchScreen.xib */ = {
			isa = PBXVariantGroup;
			children = (
				E1EDB4471B3056F500F37ADE /* Base */,
			);
			name = LaunchScreen.xib;
			sourceTree = "<group>";
		};
/* End PBXVariantGroup section */

/* Begin XCBuildConfiguration section */
		E1EDB4551B3056F500F37ADE /* Debug */ = {
			isa = XCBuildConfiguration;
			buildSettings = {
				ALWAYS_SEARCH_USER_PATHS = NO;
				CLANG_CXX_LANGUAGE_STANDARD = "gnu++0x";
				CLANG_CXX_LIBRARY = "libc++";
				CLANG_ENABLE_MODULES = YES;
				CLANG_ENABLE_OBJC_ARC = YES;
				CLANG_WARN_BOOL_CONVERSION = YES;
				CLANG_WARN_CONSTANT_CONVERSION = YES;
				CLANG_WARN_DIRECT_OBJC_ISA_USAGE = YES_ERROR;
				CLANG_WARN_EMPTY_BODY = YES;
				CLANG_WARN_ENUM_CONVERSION = YES;
				CLANG_WARN_INT_CONVERSION = YES;
				CLANG_WARN_OBJC_ROOT_CLASS = YES_ERROR;
				CLANG_WARN_UNREACHABLE_CODE = YES;
				CLANG_WARN__DUPLICATE_METHOD_MATCH = YES;
				"CODE_SIGN_IDENTITY[sdk=iphoneos*]" = "iPhone Developer";
				COPY_PHASE_STRIP = NO;
				DEBUG_INFORMATION_FORMAT = "dwarf-with-dsym";
				ENABLE_STRICT_OBJC_MSGSEND = YES;
				GCC_C_LANGUAGE_STANDARD = gnu99;
				GCC_DYNAMIC_NO_PIC = NO;
				GCC_NO_COMMON_BLOCKS = YES;
				GCC_OPTIMIZATION_LEVEL = 0;
				GCC_PREPROCESSOR_DEFINITIONS = (
					"DEBUG=1",
					"$(inherited)",
				);
				GCC_SYMBOLS_PRIVATE_EXTERN = NO;
				GCC_WARN_64_TO_32_BIT_CONVERSION = YES;
				GCC_WARN_ABOUT_RETURN_TYPE = YES_ERROR;
				GCC_WARN_UNDECLARED_SELECTOR = YES;
				GCC_WARN_UNINITIALIZED_AUTOS = YES_AGGRESSIVE;
				GCC_WARN_UNUSED_FUNCTION = YES;
				GCC_WARN_UNUSED_VARIABLE = YES;
				IPHONEOS_DEPLOYMENT_TARGET = 8.3;
				MTL_ENABLE_DEBUG_INFO = YES;
				ONLY_ACTIVE_ARCH = YES;
				SDKROOT = iphoneos;
			};
			name = Debug;
		};
		E1EDB4561B3056F500F37ADE /* Release */ = {
			isa = XCBuildConfiguration;
			buildSettings = {
				ALWAYS_SEARCH_USER_PATHS = NO;
				CLANG_CXX_LANGUAGE_STANDARD = "gnu++0x";
				CLANG_CXX_LIBRARY = "libc++";
				CLANG_ENABLE_MODULES = YES;
				CLANG_ENABLE_OBJC_ARC = YES;
				CLANG_WARN_BOOL_CONVERSION = YES;
				CLANG_WARN_CONSTANT_CONVERSION = YES;
				CLANG_WARN_DIRECT_OBJC_ISA_USAGE = YES_ERROR;
				CLANG_WARN_EMPTY_BODY = YES;
				CLANG_WARN_ENUM_CONVERSION = YES;
				CLANG_WARN_INT_CONVERSION = YES;
				CLANG_WARN_OBJC_ROOT_CLASS = YES_ERROR;
				CLANG_WARN_UNREACHABLE_CODE = YES;
				CLANG_WARN__DUPLICATE_METHOD_MATCH = YES;
				"CODE_SIGN_IDENTITY[sdk=iphoneos*]" = "iPhone Developer";
				COPY_PHASE_STRIP = NO;
				DEBUG_INFORMATION_FORMAT = "dwarf-with-dsym";
				ENABLE_NS_ASSERTIONS = NO;
				ENABLE_STRICT_OBJC_MSGSEND = YES;
				GCC_C_LANGUAGE_STANDARD = gnu99;
				GCC_NO_COMMON_BLOCKS = YES;
				GCC_WARN_64_TO_32_BIT_CONVERSION = YES;
				GCC_WARN_ABOUT_RETURN_TYPE = YES_ERROR;
				GCC_WARN_UNDECLARED_SELECTOR = YES;
				GCC_WARN_UNINITIALIZED_AUTOS = YES_AGGRESSIVE;
				GCC_WARN_UNUSED_FUNCTION = YES;
				GCC_WARN_UNUSED_VARIABLE = YES;
				IPHONEOS_DEPLOYMENT_TARGET = 8.3;
				MTL_ENABLE_DEBUG_INFO = NO;
				SDKROOT = iphoneos;
				VALIDATE_PRODUCT = YES;
			};
			name = Release;
		};
		E1EDB4581B3056F500F37ADE /* Debug */ = {
			isa = XCBuildConfiguration;
			buildSettings = {
				ASSETCATALOG_COMPILER_APPICON_NAME = AppIcon;
				INFOPLIST_FILE = Flipper/Info.plist;
				LD_RUNPATH_SEARCH_PATHS = "$(inherited) @executable_path/Frameworks";
				PRODUCT_NAME = "$(TARGET_NAME)";
			};
			name = Debug;
		};
		E1EDB4591B3056F500F37ADE /* Release */ = {
			isa = XCBuildConfiguration;
			buildSettings = {
				ASSETCATALOG_COMPILER_APPICON_NAME = AppIcon;
				INFOPLIST_FILE = Flipper/Info.plist;
				LD_RUNPATH_SEARCH_PATHS = "$(inherited) @executable_path/Frameworks";
				PRODUCT_NAME = "$(TARGET_NAME)";
			};
			name = Release;
		};
		E1EDB45B1B3056F500F37ADE /* Debug */ = {
			isa = XCBuildConfiguration;
			buildSettings = {
				BUNDLE_LOADER = "$(TEST_HOST)";
				FRAMEWORK_SEARCH_PATHS = (
					"$(SDKROOT)/Developer/Library/Frameworks",
					"$(inherited)",
				);
				GCC_PREPROCESSOR_DEFINITIONS = (
					"DEBUG=1",
					"$(inherited)",
				);
				HEADER_SEARCH_PATHS = (
					"$(inherited)",
					"/Users/mparmar/Downloads/Xcode\\ 2.app/Contents/Developer/Toolchains/XcodeDefault.xctoolchain/usr/include",
					"$(PROJECT_DIR)/Libraries",
				);
				INFOPLIST_FILE = FlipperTests/Info.plist;
				LD_RUNPATH_SEARCH_PATHS = "$(inherited) @executable_path/Frameworks @loader_path/Frameworks";
				LIBRARY_SEARCH_PATHS = (
					"$(inherited)",
					"$(PROJECT_DIR)",
					"$(PROJECT_DIR)/Libraries",
				);
				OTHER_LDFLAGS = (
					"$(inherited)",
					"-framework",
					XCTest,
					"-ObjC",
				);
				PRODUCT_NAME = "$(TARGET_NAME)";
				TEST_HOST = "$(BUILT_PRODUCTS_DIR)/Flipper.app/Flipper";
			};
			name = Debug;
		};
		E1EDB45C1B3056F500F37ADE /* Release */ = {
			isa = XCBuildConfiguration;
			buildSettings = {
				BUNDLE_LOADER = "$(TEST_HOST)";
				FRAMEWORK_SEARCH_PATHS = (
					"$(SDKROOT)/Developer/Library/Frameworks",
					"$(inherited)",
				);
				HEADER_SEARCH_PATHS = (
					"$(inherited)",
					"/Users/mparmar/Downloads/Xcode\\ 2.app/Contents/Developer/Toolchains/XcodeDefault.xctoolchain/usr/include",
					"$(PROJECT_DIR)/Libraries",
				);
				INFOPLIST_FILE = FlipperTests/Info.plist;
				LD_RUNPATH_SEARCH_PATHS = "$(inherited) @executable_path/Frameworks @loader_path/Frameworks";
				LIBRARY_SEARCH_PATHS = (
					"$(inherited)",
					"$(PROJECT_DIR)",
					"$(PROJECT_DIR)/Libraries",
				);
				OTHER_LDFLAGS = (
					"$(inherited)",
					"-framework",
					XCTest,
					"-ObjC",
				);
				PRODUCT_NAME = "$(TARGET_NAME)";
				TEST_HOST = "$(BUILT_PRODUCTS_DIR)/Flipper.app/Flipper";
			};
			name = Release;
		};
/* End XCBuildConfiguration section */

/* Begin XCConfigurationList section */
		E1EDB42F1B3056F500F37ADE /* Build configuration list for PBXProject "Flipper" */ = {
			isa = XCConfigurationList;
			buildConfigurations = (
				E1EDB4551B3056F500F37ADE /* Debug */,
				E1EDB4561B3056F500F37ADE /* Release */,
			);
			defaultConfigurationIsVisible = 0;
			defaultConfigurationName = Release;
		};
		E1EDB4571B3056F500F37ADE /* Build configuration list for PBXNativeTarget "Flipper" */ = {
			isa = XCConfigurationList;
			buildConfigurations = (
				E1EDB4581B3056F500F37ADE /* Debug */,
				E1EDB4591B3056F500F37ADE /* Release */,
			);
			defaultConfigurationIsVisible = 0;
			defaultConfigurationName = Release;
		};
		E1EDB45A1B3056F500F37ADE /* Build configuration list for PBXNativeTarget "FlipperTests" */ = {
			isa = XCConfigurationList;
			buildConfigurations = (
				E1EDB45B1B3056F500F37ADE /* Debug */,
				E1EDB45C1B3056F500F37ADE /* Release */,
			);
			defaultConfigurationIsVisible = 0;
			defaultConfigurationName = Release;
		};
/* End XCConfigurationList section */
	};
	rootObject = E1EDB42C1B3056F500F37ADE /* Project object */;
}
